
Microsoft Visual Studio Solution File, Format Version 12.00
# Visual Studio Version 16
VisualStudioVersion = 16.0.29709.97
MinimumVisualStudioVersion = 10.0.40219.1
Project("{9A19103F-16F7-4668-BE54-9A1E7A4F7556}") = "TeamTopFtpWeb", "TeamTopFtpWeb\TeamTopFtpWeb.csproj", "{F50FD1C4-2338-41A5-8A9D-640CB33C1504}"
EndProject
Global
	GlobalSection(SolutionConfigurationPlatforms) = preSolution
		Debug|Any CPU = Debug|Any CPU
		Release|Any CPU = Release|Any CPU
	EndGlobalSection
	GlobalSection(ProjectConfigurationPlatforms) = postSolution
		{F50FD1C4-2338-41A5-8A9D-640CB33C1504}.Debug|Any CPU.ActiveCfg = Debug|Any CPU
		{F50FD1C4-2338-41A5-8A9D-640CB33C1504}.Debug|Any CPU.Build.0 = Debug|Any CPU
		{F50FD1C4-2338-41A5-8A9D-640CB33C1504}.Release|Any CPU.ActiveCfg = Release|Any CPU
		{F50FD1C4-2338-41A5-8A9D-640CB33C1504}.Release|Any CPU.Build.0 = Release|Any CPU
	EndGlobalSection
	GlobalSection(SolutionProperties) = preSolution
		HideSolutionNode = FALSE
	EndGlobalSection
	GlobalSection(ExtensibilityGlobals) = postSolution
		SolutionGuid = {A0DA8C9C-9AE7-43CD-AB3B-C18970F2A265}
	EndGlobalSection
EndGlobal
